
Microsoft Visual Studio Solution File, Format Version 12.00
# Visual Studio 15
VisualStudioVersion = 15.0.27703.2000
MinimumVisualStudioVersion = 10.0.40219.1
Project("{FAE04EC0-301F-11D3-BF4B-00C04F79EFBC}") = "Projeto.Android", "Projeto\Projeto.Android\Projeto.Android.csproj", "{71143E6C-8602-4B53-AB70-872583F6CC8D}"
EndProject
Project("{FAE04EC0-301F-11D3-BF4B-00C04F79EFBC}") = "Projeto.iOS", "Projeto\Projeto.iOS\Projeto.iOS.csproj", "{5494906F-CD02-472C-9BDA-B8ED4DAE3CBA}"
EndProject
Project("{FAE04EC0-301F-11D3-BF4B-00C04F79EFBC}") = "Projeto", "Projeto\Projeto\Projeto.csproj", "{7E76E28A-86A7-4467-8836-1AF4F9073808}"
EndProject
Global
	GlobalSection(SolutionConfigurationPlatforms) = preSolution
		Ad-Hoc|Any CPU = Ad-Hoc|Any CPU
		Ad-Hoc|iPhone = Ad-Hoc|iPhone
		Ad-Hoc|iPhoneSimulator = Ad-Hoc|iPhoneSimulator
		AppStore|Any CPU = AppStore|Any CPU
		AppStore|iPhone = AppStore|iPhone
		AppStore|iPhoneSimulator = AppStore|iPhoneSimulator
		Debug|Any CPU = Debug|Any CPU
		Debug|iPhone = Debug|iPhone
		Debug|iPhoneSimulator = Debug|iPhoneSimulator
		Release|Any CPU = Release|Any CPU
		Release|iPhone = Release|iPhone
		Release|iPhoneSimulator = Release|iPhoneSimulator
	EndGlobalSection
	GlobalSection(ProjectConfigurationPlatforms) = postSolution
		{71143E6C-8602-4B53-AB70-872583F6CC8D}.Ad-Hoc|Any CPU.ActiveCfg = Release|Any CPU
		{71143E6C-8602-4B53-AB70-872583F6CC8D}.Ad-Hoc|Any CPU.Build.0 = Release|Any CPU
		{71143E6C-8602-4B53-AB70-872583F6CC8D}.Ad-Hoc|Any CPU.Deploy.0 = Release|Any CPU
		{71143E6C-8602-4B53-AB70-872583F6CC8D}.Ad-Hoc|iPhone.ActiveCfg = Release|Any CPU
		{71143E6C-8602-4B53-AB70-872583F6CC8D}.Ad-Hoc|iPhone.Build.0 = Release|Any CPU
		{71143E6C-8602-4B53-AB70-872583F6CC8D}.Ad-Hoc|iPhone.Deploy.0 = Release|Any CPU
		{71143E6C-8602-4B53-AB70-872583F6CC8D}.Ad-Hoc|iPhoneSimulator.ActiveCfg = Release|Any CPU
		{71143E6C-8602-4B53-AB70-872583F6CC8D}.Ad-Hoc|iPhoneSimulator.Build.0 = Release|Any CPU
		{71143E6C-8602-4B53-AB70-872583F6CC8D}.Ad-Hoc|iPhoneSimulator.Deploy.0 = Release|Any CPU
		{71143E6C-8602-4B53-AB70-872583F6CC8D}.AppStore|Any CPU.ActiveCfg = Release|Any CPU
		{71143E6C-8602-4B53-AB70-872583F6CC8D}.AppStore|Any CPU.Build.0 = Release|Any CPU
		{71143E6C-8602-4B53-AB70-872583F6CC8D}.AppStore|Any CPU.Deploy.0 = Release|Any CPU
		{71143E6C-8602-4B53-AB70-872583F6CC8D}.AppStore|iPhone.ActiveCfg = Release|Any CPU
		{71143E6C-8602-4B53-AB70-872583F6CC8D}.AppStore|iPhone.Build.0 = Release|Any CPU
		{71143E6C-8602-4B53-AB70-872583F6CC8D}.AppStore|iPhone.Deploy.0 = Release|Any CPU
		{71143E6C-8602-4B53-AB70-872583F6CC8D}.AppStore|iPhoneSimulator.ActiveCfg = Release|Any CPU
		{71143E6C-8602-4B53-AB70-872583F6CC8D}.AppStore|iPhoneSimulator.Build.0 = Release|Any CPU
		{71143E6C-8602-4B53-AB70-872583F6CC8D}.AppStore|iPhoneSimulator.Deploy.0 = Release|Any CPU
		{71143E6C-8602-4B53-AB70-872583F6CC8D}.Debug|Any CPU.ActiveCfg = Debug|Any CPU
		{71143E6C-8602-4B53-AB70-872583F6CC8D}.Debug|Any CPU.Build.0 = Debug|Any CPU
		{71143E6C-8602-4B53-AB70-872583F6CC8D}.Debug|Any CPU.Deploy.0 = Debug|Any CPU
		{71143E6C-8602-4B53-AB70-872583F6CC8D}.Debug|iPhone.ActiveCfg = Debug|Any CPU
		{71143E6C-8602-4B53-AB70-872583F6CC8D}.Debug|iPhone.Build.0 = Debug|Any CPU
		{71143E6C-8602-4B53-AB70-872583F6CC8D}.Debug|iPhone.Deploy.0 = Debug|Any CPU
		{71143E6C-8602-4B53-AB70-872583F6CC8D}.Debug|iPhoneSimulator.ActiveCfg = Debug|Any CPU
		{71143E6C-8602-4B53-AB70-872583F6CC8D}.Debug|iPhoneSimulator.Build.0 = Debug|Any CPU
		{71143E6C-8602-4B53-AB70-872583F6CC8D}.Debug|iPhoneSimulator.Deploy.0 = Debug|Any CPU
		{71143E6C-8602-4B53-AB70-872583F6CC8D}.Release|Any CPU.ActiveCfg = Release|Any CPU
		{71143E6C-8602-4B53-AB70-872583F6CC8D}.Release|Any CPU.Build.0 = Release|Any CPU
		{71143E6C-8602-4B53-AB70-872583F6CC8D}.Release|Any CPU.Deploy.0 = Release|Any CPU
		{71143E6C-8602-4B53-AB70-872583F6CC8D}.Release|iPhone.ActiveCfg = Release|Any CPU
		{71143E6C-8602-4B53-AB70-872583F6CC8D}.Release|iPhone.Build.0 = Release|Any CPU
		{71143E6C-8602-4B53-AB70-872583F6CC8D}.Release|iPhone.Deploy.0 = Release|Any CPU
		{71143E6C-8602-4B53-AB70-872583F6CC8D}.Release|iPhoneSimulator.ActiveCfg = Release|Any CPU
		{71143E6C-8602-4B53-AB70-872583F6CC8D}.Release|iPhoneSimulator.Build.0 = Release|Any CPU
		{71143E6C-8602-4B53-AB70-872583F6CC8D}.Release|iPhoneSimulator.Deploy.0 = Release|Any CPU
		{5494906F-CD02-472C-9BDA-B8ED4DAE3CBA}.Ad-Hoc|Any CPU.ActiveCfg = Ad-Hoc|iPhone
		{5494906F-CD02-472C-9BDA-B8ED4DAE3CBA}.Ad-Hoc|Any CPU.Build.0 = Ad-Hoc|iPhone
		{5494906F-CD02-472C-9BDA-B8ED4DAE3CBA}.Ad-Hoc|Any CPU.Deploy.0 = Ad-Hoc|iPhone
		{5494906F-CD02-472C-9BDA-B8ED4DAE3CBA}.Ad-Hoc|iPhone.ActiveCfg = Ad-Hoc|iPhone
		{5494906F-CD02-472C-9BDA-B8ED4DAE3CBA}.Ad-Hoc|iPhone.Build.0 = Ad-Hoc|iPhone
		{5494906F-CD02-472C-9BDA-B8ED4DAE3CBA}.Ad-Hoc|iPhone.Deploy.0 = Ad-Hoc|iPhone
		{5494906F-CD02-472C-9BDA-B8ED4DAE3CBA}.Ad-Hoc|iPhoneSimulator.ActiveCfg = Ad-Hoc|iPhoneSimulator
		{5494906F-CD02-472C-9BDA-B8ED4DAE3CBA}.Ad-Hoc|iPhoneSimulator.Build.0 = Ad-Hoc|iPhoneSimulator
		{5494906F-CD02-472C-9BDA-B8ED4DAE3CBA}.Ad-Hoc|iPhoneSimulator.Deploy.0 = Ad-Hoc|iPhoneSimulator
		{5494906F-CD02-472C-9BDA-B8ED4DAE3CBA}.AppStore|Any CPU.ActiveCfg = AppStore|iPhone
		{5494906F-CD02-472C-9BDA-B8ED4DAE3CBA}.AppStore|Any CPU.Build.0 = AppStore|iPhone
		{5494906F-CD02-472C-9BDA-B8ED4DAE3CBA}.AppStore|Any CPU.Deploy.0 = AppStore|iPhone
		{5494906F-CD02-472C-9BDA-B8ED4DAE3CBA}.AppStore|iPhone.ActiveCfg = AppStore|iPhone
		{5494906F-CD02-472C-9BDA-B8ED4DAE3CBA}.AppStore|iPhone.Build.0 = AppStore|iPhone
		{5494906F-CD02-472C-9BDA-B8ED4DAE3CBA}.AppStore|iPhone.Deploy.0 = AppStore|iPhone
		{5494906F-CD02-472C-9BDA-B8ED4DAE3CBA}.AppStore|iPhoneSimulator.ActiveCfg = AppStore|iPhoneSimulator
		{5494906F-CD02-472C-9BDA-B8ED4DAE3CBA}.AppStore|iPhoneSimulator.Build.0 = AppStore|iPhoneSimulator
		{5494906F-CD02-472C-9BDA-B8ED4DAE3CBA}.AppStore|iPhoneSimulator.Deploy.0 = AppStore|iPhoneSimulator
		{5494906F-CD02-472C-9BDA-B8ED4DAE3CBA}.Debug|Any CPU.ActiveCfg = Debug|iPhoneSimulator
		{5494906F-CD02-472C-9BDA-B8ED4DAE3CBA}.Debug|Any CPU.Build.0 = Debug|iPhoneSimulator
		{5494906F-CD02-472C-9BDA-B8ED4DAE3CBA}.Debug|Any CPU.Deploy.0 = Debug|iPhoneSimulator
		{5494906F-CD02-472C-9BDA-B8ED4DAE3CBA}.Debug|iPhone.ActiveCfg = Debug|iPhone
		{5494906F-CD02-472C-9BDA-B8ED4DAE3CBA}.Debug|iPhone.Build.0 = Debug|iPhone
		{5494906F-CD02-472C-9BDA-B8ED4DAE3CBA}.Debug|iPhone.Deploy.0 = Debug|iPhone
		{5494906F-CD02-472C-9BDA-B8ED4DAE3CBA}.Debug|iPhoneSimulator.ActiveCfg = Debug|iPhoneSimulator
		{5494906F-CD02-472C-9BDA-B8ED4DAE3CBA}.Debug|iPhoneSimulator.Build.0 = Debug|iPhoneSimulator
		{5494906F-CD02-472C-9BDA-B8ED4DAE3CBA}.Debug|iPhoneSimulator.Deploy.0 = Debug|iPhoneSimulator
		{5494906F-CD02-472C-9BDA-B8ED4DAE3CBA}.Release|Any CPU.ActiveCfg = Release|iPhone
		{5494906F-CD02-472C-9BDA-B8ED4DAE3CBA}.Release|Any CPU.Build.0 = Release|iPhone
		{5494906F-CD02-472C-9BDA-B8ED4DAE3CBA}.Release|Any CPU.Deploy.0 = Release|iPhone
		{5494906F-CD02-472C-9BDA-B8ED4DAE3CBA}.Release|iPhone.ActiveCfg = Release|iPhone
		{5494906F-CD02-472C-9BDA-B8ED4DAE3CBA}.Release|iPhone.Build.0 = Release|iPhone
		{5494906F-CD02-472C-9BDA-B8ED4DAE3CBA}.Release|iPhone.Deploy.0 = Release|iPhone
		{5494906F-CD02-472C-9BDA-B8ED4DAE3CBA}.Release|iPhoneSimulator.ActiveCfg = Release|iPhoneSimulator
		{5494906F-CD02-472C-9BDA-B8ED4DAE3CBA}.Release|iPhoneSimulator.Build.0 = Release|iPhoneSimulator
		{5494906F-CD02-472C-9BDA-B8ED4DAE3CBA}.Release|iPhoneSimulator.Deploy.0 = Release|iPhoneSimulator
		{7E76E28A-86A7-4467-8836-1AF4F9073808}.Ad-Hoc|Any CPU.ActiveCfg = Debug|Any CPU
		{7E76E28A-86A7-4467-8836-1AF4F9073808}.Ad-Hoc|Any CPU.Build.0 = Debug|Any CPU
		{7E76E28A-86A7-4467-8836-1AF4F9073808}.Ad-Hoc|Any CPU.Deploy.0 = Debug|Any CPU
		{7E76E28A-86A7-4467-8836-1AF4F9073808}.Ad-Hoc|iPhone.ActiveCfg = Debug|Any CPU
		{7E76E28A-86A7-4467-8836-1AF4F9073808}.Ad-Hoc|iPhone.Build.0 = Debug|Any CPU
		{7E76E28A-86A7-4467-8836-1AF4F9073808}.Ad-Hoc|iPhone.Deploy.0 = Debug|Any CPU
		{7E76E28A-86A7-4467-8836-1AF4F9073808}.Ad-Hoc|iPhoneSimulator.ActiveCfg = Debug|Any CPU
		{7E76E28A-86A7-4467-8836-1AF4F9073808}.Ad-Hoc|iPhoneSimulator.Build.0 = Debug|Any CPU
		{7E76E28A-86A7-4467-8836-1AF4F9073808}.Ad-Hoc|iPhoneSimulator.Deploy.0 = Debug|Any CPU
		{7E76E28A-86A7-4467-8836-1AF4F9073808}.AppStore|Any CPU.ActiveCfg = Debug|Any CPU
		{7E76E28A-86A7-4467-8836-1AF4F9073808}.AppStore|Any CPU.Build.0 = Debug|Any CPU
		{7E76E28A-86A7-4467-8836-1AF4F9073808}.AppStore|Any CPU.Deploy.0 = Debug|Any CPU
		{7E76E28A-86A7-4467-8836-1AF4F9073808}.AppStore|iPhone.ActiveCfg = Debug|Any CPU
		{7E76E28A-86A7-4467-8836-1AF4F9073808}.AppStore|iPhone.Build.0 = Debug|Any CPU
		{7E76E28A-86A7-4467-8836-1AF4F9073808}.AppStore|iPhone.Deploy.0 = Debug|Any CPU
		{7E76E28A-86A7-4467-8836-1AF4F9073808}.AppStore|iPhoneSimulator.ActiveCfg = Debug|Any CPU
		{7E76E28A-86A7-4467-8836-1AF4F9073808}.AppStore|iPhoneSimulator.Build.0 = Debug|Any CPU
		{7E76E28A-86A7-4467-8836-1AF4F9073808}.AppStore|iPhoneSimulator.Deploy.0 = Debug|Any CPU
		{7E76E28A-86A7-4467-8836-1AF4F9073808}.Debug|Any CPU.ActiveCfg = Debug|Any CPU
		{7E76E28A-86A7-4467-8836-1AF4F9073808}.Debug|Any CPU.Build.0 = Debug|Any CPU
		{7E76E28A-86A7-4467-8836-1AF4F9073808}.Debug|Any CPU.Deploy.0 = Debug|Any CPU
		{7E76E28A-86A7-4467-8836-1AF4F9073808}.Debug|iPhone.ActiveCfg = Debug|Any CPU
		{7E76E28A-86A7-4467-8836-1AF4F9073808}.Debug|iPhone.Build.0 = Debug|Any CPU
		{7E76E28A-86A7-4467-8836-1AF4F9073808}.Debug|iPhone.Deploy.0 = Debug|Any CPU
		{7E76E28A-86A7-4467-8836-1AF4F9073808}.Debug|iPhoneSimulator.ActiveCfg = Debug|Any CPU
		{7E76E28A-86A7-4467-8836-1AF4F9073808}.Debug|iPhoneSimulator.Build.0 = Debug|Any CPU
		{7E76E28A-86A7-4467-8836-1AF4F9073808}.Debug|iPhoneSimulator.Deploy.0 = Debug|Any CPU
		{7E76E28A-86A7-4467-8836-1AF4F9073808}.Release|Any CPU.ActiveCfg = Release|Any CPU
		{7E76E28A-86A7-4467-8836-1AF4F9073808}.Release|Any CPU.Build.0 = Release|Any CPU
		{7E76E28A-86A7-4467-8836-1AF4F9073808}.Release|Any CPU.Deploy.0 = Release|Any CPU
		{7E76E28A-86A7-4467-8836-1AF4F9073808}.Release|iPhone.ActiveCfg = Release|Any CPU
		{7E76E28A-86A7-4467-8836-1AF4F9073808}.Release|iPhone.Build.0 = Release|Any CPU
		{7E76E28A-86A7-4467-8836-1AF4F9073808}.Release|iPhone.Deploy.0 = Release|Any CPU
		{7E76E28A-86A7-4467-8836-1AF4F9073808}.Release|iPhoneSimulator.ActiveCfg = Release|Any CPU
		{7E76E28A-86A7-4467-8836-1AF4F9073808}.Release|iPhoneSimulator.Build.0 = Release|Any CPU
		{7E76E28A-86A7-4467-8836-1AF4F9073808}.Release|iPhoneSimulator.Deploy.0 = Release|Any CPU
	EndGlobalSection
	GlobalSection(SolutionProperties) = preSolution
		HideSolutionNode = FALSE
	EndGlobalSection
	GlobalSection(ExtensibilityGlobals) = postSolution
		SolutionGuid = {20908FC6-1EB7-4487-8057-9B874BAF7870}
	EndGlobalSection
EndGlobal
